
Microsoft Visual Studio Solution File, Format Version 12.00
# Visual Studio 15
VisualStudioVersion = 15.0.28307.1622
MinimumVisualStudioVersion = 10.0.40219.1
Project("{9A19103F-16F7-4668-BE54-9A1E7A4F7556}") = "ThetanSearch", "ThetanSearch\ThetanSearch.csproj", "{AF5A3749-FF8F-43E7-AF10-92AEC18EB5BD}"
EndProject
Project("{FAE04EC0-301F-11D3-BF4B-00C04F79EFBC}") = "ThethanApp", "ThethanApp\ThethanApp.csproj", "{201DCD7B-73CA-4DE0-AAB5-E4259E4C37A9}"
EndProject
Project("{FAE04EC0-301F-11D3-BF4B-00C04F79EFBC}") = "ThetanCore", "ThetanCore\ThetanCore.csproj", "{351F6FE4-6B18-4E20-B016-295A18A11410}"
EndProject
Global
	GlobalSection(SolutionConfigurationPlatforms) = preSolution
		Debug|Any CPU = Debug|Any CPU
		Release|Any CPU = Release|Any CPU
	EndGlobalSection
	GlobalSection(ProjectConfigurationPlatforms) = postSolution
		{AF5A3749-FF8F-43E7-AF10-92AEC18EB5BD}.Debug|Any CPU.ActiveCfg = Debug|Any CPU
		{AF5A3749-FF8F-43E7-AF10-92AEC18EB5BD}.Debug|Any CPU.Build.0 = Debug|Any CPU
		{AF5A3749-FF8F-43E7-AF10-92AEC18EB5BD}.Release|Any CPU.ActiveCfg = Release|Any CPU
		{AF5A3749-FF8F-43E7-AF10-92AEC18EB5BD}.Release|Any CPU.Build.0 = Release|Any CPU
		{201DCD7B-73CA-4DE0-AAB5-E4259E4C37A9}.Debug|Any CPU.ActiveCfg = Debug|Any CPU
		{201DCD7B-73CA-4DE0-AAB5-E4259E4C37A9}.Debug|Any CPU.Build.0 = Debug|Any CPU
		{201DCD7B-73CA-4DE0-AAB5-E4259E4C37A9}.Release|Any CPU.ActiveCfg = Release|Any CPU
		{201DCD7B-73CA-4DE0-AAB5-E4259E4C37A9}.Release|Any CPU.Build.0 = Release|Any CPU
		{351F6FE4-6B18-4E20-B016-295A18A11410}.Debug|Any CPU.ActiveCfg = Debug|Any CPU
		{351F6FE4-6B18-4E20-B016-295A18A11410}.Debug|Any CPU.Build.0 = Debug|Any CPU
		{351F6FE4-6B18-4E20-B016-295A18A11410}.Release|Any CPU.ActiveCfg = Release|Any CPU
		{351F6FE4-6B18-4E20-B016-295A18A11410}.Release|Any CPU.Build.0 = Release|Any CPU
	EndGlobalSection
	GlobalSection(SolutionProperties) = preSolution
		HideSolutionNode = FALSE
	EndGlobalSection
	GlobalSection(ExtensibilityGlobals) = postSolution
		SolutionGuid = {D09C8EEF-793C-4EB6-BA0C-E63066566AB3}
	EndGlobalSection
EndGlobal
